// This lockfile was autogenerated by Pants. To regenerate, run:
//
//    pants generate-lockfiles --resolve=python-default
//
// --- BEGIN PANTS LOCKFILE METADATA: DO NOT EDIT OR REMOVE ---
// {
//   "version": 3,
//   "valid_for_interpreter_constraints": [
//     "CPython==3.9.18"
//   ],
//   "generated_with_requirements": [
//     "blobfile>=1.0.5",
//     "mpi4py==3.1.5",
//     "numpy==1.26.0",
//     "nvidia-cublas-cu12==12.1.3.1",
//     "nvidia-cuda-cupti-cu12==12.1.105",
//     "nvidia-cuda-nvrtc-cu12==12.1.105",
//     "nvidia-cuda-runtime-cu12==12.1.105",
//     "nvidia-cudnn-cu12==8.9.2.26",
//     "nvidia-cufft-cu12==11.0.2.54",
//     "nvidia-curand-cu12==10.3.2.106",
//     "nvidia-cusolver-cu12==11.4.5.107",
//     "nvidia-cusparse-cu12==12.1.0.106",
//     "nvidia-nccl-cu12==2.18.1",
//     "nvidia-nvjitlink-cu12==12.3.52",
//     "nvidia-nvtx-cu12==12.1.105",
//     "pillow==9.3.0",
//     "setuptools==68.2.2",
//     "torch==2.1.0",
//     "triton==2.1.0"
//   ],
//   "manylinux": "manylinux2014",
//   "requirement_constraints": [],
//   "only_binary": [],
//   "no_binary": []
// }
// --- END PANTS LOCKFILE METADATA ---

{
  "allow_builds": true,
  "allow_prereleases": false,
  "allow_wheels": true,
  "build_isolation": true,
  "constraints": [],
  "locked_resolves": [
    {
      "locked_requirements": [
        {
          "artifacts": [
            {
              "algorithm": "sha256",
              "hash": "a72f69752ac6f97e11555bdc50b521c0cce16388ca4ccbbbc1fcac98ad2e59d3",
              "url": "https://files.pythonhosted.org/packages/68/44/f76e906fd8956fb832db5fc9ecccf2aa83823d117e28589fa45a68c75c50/blobfile-2.1.0-py3-none-any.whl"
            },
            {
              "algorithm": "sha256",
              "hash": "c24e519a104583609159c6a2fd4a7e6e52820b1400b6b268d3c25f43c40cc7b1",
              "url": "https://files.pythonhosted.org/packages/39/97/95ab34a02b0a71b44bb0c3d18c10b1688832c53a1892d7dac458b1c85b35/blobfile-2.1.0.tar.gz"
            }
          ],
          "project_name": "blobfile",
          "requires_dists": [
            "filelock~=3.0",
            "lxml~=4.9",
            "pycryptodomex~=3.8",
            "urllib3<3,>=1.25.3"
          ],
          "requires_python": ">=3.8.0",
          "version": "2.1.0"
        },
        {
          "artifacts": [
            {
              "algorithm": "sha256",
              "hash": "a552f4fde758f4eab33191e9548f671970f8b06d436d31388c9aa1e5861a710f",
              "url": "https://files.pythonhosted.org/packages/ea/c8/407364710cb9631ce306a97abff2d61836d603b258b5e5399b5f12a7f787/filelock-3.13.0-py3-none-any.whl"
            },
            {
              "algorithm": "sha256",
              "hash": "63c6052c82a1a24c873a549fbd39a26982e8f35a3016da231ead11a5be9dad44",
              "url": "https://files.pythonhosted.org/packages/6c/93/59c180bd2d637ad8ff58bacd3187abdd1af3a76d26d34a2544cec93dbfcc/filelock-3.13.0.tar.gz"
            }
          ],
          "project_name": "filelock",
          "requires_dists": [
            "covdefaults>=2.3; extra == \"testing\"",
            "coverage>=7.3.2; extra == \"testing\"",
            "diff-cover>=8; extra == \"testing\"",
            "furo>=2023.9.10; extra == \"docs\"",
            "pytest-cov>=4.1; extra == \"testing\"",
            "pytest-mock>=3.12; extra == \"testing\"",
            "pytest-timeout>=2.2; extra == \"testing\"",
            "pytest>=7.4.3; extra == \"testing\"",
            "sphinx-autodoc-typehints!=1.23.4,>=1.24; extra == \"docs\"",
            "sphinx>=7.2.6; extra == \"docs\"",
            "typing-extensions>=4.8; python_version < \"3.11\" and extra == \"typing\""
          ],
          "requires_python": ">=3.8",
          "version": "3.13.0"
        },
        {
          "artifacts": [
            {
              "algorithm": "sha256",
              "hash": "346a8f024efeb749d2a5fca7ba8854474b1ff9af7c3faaf636a4548781136529",
              "url": "https://files.pythonhosted.org/packages/e8/f6/3eccfb530aac90ad1301c582da228e4763f19e719ac8200752a4841b0b2d/fsspec-2023.10.0-py3-none-any.whl"
            },
            {
              "algorithm": "sha256",
              "hash": "330c66757591df346ad3091a53bd907e15348c2ba17d63fd54f5c39c4457d2a5",
              "url": "https://files.pythonhosted.org/packages/a4/f7/16ec1f92523165d10301cfa8cb83df0356dbe615d4ca5ed611a16f53e09a/fsspec-2023.10.0.tar.gz"
            }
          ],
          "project_name": "fsspec",
          "requires_dists": [
            "adlfs; extra == \"abfs\"",
            "adlfs; extra == \"adl\"",
            "adlfs; extra == \"full\"",
            "aiohttp!=4.0.0a0,!=4.0.0a1; extra == \"full\"",
            "aiohttp!=4.0.0a0,!=4.0.0a1; extra == \"http\"",
            "dask; extra == \"dask\"",
            "dask; extra == \"full\"",
            "distributed; extra == \"dask\"",
            "distributed; extra == \"full\"",
            "dropbox; extra == \"dropbox\"",
            "dropbox; extra == \"full\"",
            "dropboxdrivefs; extra == \"dropbox\"",
            "dropboxdrivefs; extra == \"full\"",
            "fusepy; extra == \"full\"",
            "fusepy; extra == \"fuse\"",
            "gcsfs; extra == \"full\"",
            "gcsfs; extra == \"gcs\"",
            "gcsfs; extra == \"gs\"",
            "libarchive-c; extra == \"full\"",
            "libarchive-c; extra == \"libarchive\"",
            "ocifs; extra == \"full\"",
            "ocifs; extra == \"oci\"",
            "panel; extra == \"full\"",
            "panel; extra == \"gui\"",
            "paramiko; extra == \"full\"",
            "paramiko; extra == \"sftp\"",
            "paramiko; extra == \"ssh\"",
            "pyarrow>=1; extra == \"arrow\"",
            "pyarrow>=1; extra == \"full\"",
            "pyarrow>=1; extra == \"hdfs\"",
            "pygit2; extra == \"full\"",
            "pygit2; extra == \"git\"",
            "pytest-cov; extra == \"devel\"",
            "pytest; extra == \"devel\"",
            "requests; extra == \"dropbox\"",
            "requests; extra == \"full\"",
            "requests; extra == \"github\"",
            "requests; extra == \"http\"",
            "s3fs; extra == \"full\"",
            "s3fs; extra == \"s3\"",
            "smbprotocol; extra == \"full\"",
            "smbprotocol; extra == \"smb\"",
            "tqdm; extra == \"full\"",
            "tqdm; extra == \"tqdm\""
          ],
          "requires_python": ">=3.8",
          "version": "2023.10.0"
        },
        {
          "artifacts": [
            {
              "algorithm": "sha256",
              "hash": "6088930bfe239f0e6710546ab9c19c9ef35e29792895fed6e6e31a023a182a61",
              "url": "https://files.pythonhosted.org/packages/bc/c3/f068337a370801f372f2f8f6bad74a5c140f6fda3d9de154052708dd3c65/Jinja2-3.1.2-py3-none-any.whl"
            },
            {
              "algorithm": "sha256",
              "hash": "31351a702a408a9e7595a8fc6150fc3f43bb6bf7e319770cbc0db9df9437e852",
              "url": "https://files.pythonhosted.org/packages/7a/ff/75c28576a1d900e87eb6335b063fab47a8ef3c8b4d88524c4bf78f670cce/Jinja2-3.1.2.tar.gz"
            }
          ],
          "project_name": "jinja2",
          "requires_dists": [
            "Babel>=2.7; extra == \"i18n\"",
            "MarkupSafe>=2.0"
          ],
          "requires_python": ">=3.7",
          "version": "3.1.2"
        },
        {
          "artifacts": [
            {
              "algorithm": "sha256",
              "hash": "fe4bda6bd4340caa6e5cf95e73f8fea5c4bfc55763dd42f1b50a94c1b4a2fbd4",
              "url": "https://files.pythonhosted.org/packages/1b/ea/50d8357ed72f6c8352fe08657a9b05d672a4ab2470b9447fd73d87f0d47a/lxml-4.9.3-pp39-pypy39_pp73-manylinux_2_28_x86_64.whl"
            },
            {
              "algorithm": "sha256",
              "hash": "48628bd53a426c9eb9bc066a923acaa0878d1e86129fd5359aee99285f4eed9c",
              "url": "https://files.pythonhosted.org/packages/30/39/7305428d1c4f28282a4f5bdbef24e0f905d351f34cf351ceb131f5cddf78/lxml-4.9.3.tar.gz"
            },
            {
              "algorithm": "sha256",
              "hash": "690dafd0b187ed38583a648076865d8c229661ed20e48f2335d68e2cf7dc829d",
              "url": "https://files.pythonhosted.org/packages/35/0b/7c3b67cf80d3b826273f860c20810c791c39ce55df612c8bf4bbdfa1ec11/lxml-4.9.3-cp39-cp39-manylinux_2_5_i686.manylinux1_i686.whl"
            },
            {
              "algorithm": "sha256",
              "hash": "d27be7405547d1f958b60837dc4c1007da90b8b23f54ba1f8b728c78fdb19d50",
              "url": "https://files.pythonhosted.org/packages/39/6f/ed4327ac1370da702b7ac4047f4664fbdfb92a98b87ac779863202efc1ff/lxml-4.9.3-cp39-cp39-musllinux_1_1_x86_64.whl"
            },
            {
              "algorithm": "sha256",
              "hash": "9bb6ad405121241e99a86efff22d3ef469024ce22875a7ae045896ad23ba2340",
              "url": "https://files.pythonhosted.org/packages/50/e1/1c23a817d68418a59b39e6d2b353e211728c21353900279a04e65f6507a0/lxml-4.9.3-cp39-cp39-macosx_11_0_x86_64.whl"
            },
            {
              "algorithm": "sha256",
              "hash": "b6420a005548ad52154c8ceab4a1290ff78d757f9e5cbc68f8c77089acd3c432",
              "url": "https://files.pythonhosted.org/packages/6a/bf/a2f75c3c1e4e310e14cfe81117c8c1fca092bbb595babebd7df66b8eb5e6/lxml-4.9.3-cp39-cp39-manylinux_2_5_x86_64.manylinux1_x86_64.whl"
            },
            {
              "algorithm": "sha256",
              "hash": "8ed74706b26ad100433da4b9d807eae371efaa266ffc3e9191ea436087a9d6a7",
              "url": "https://files.pythonhosted.org/packages/6d/8f/eb30dead5cd2dd8f0a91f8bcb371688e158c8cbb4a3496e41196ea1171c0/lxml-4.9.3-cp39-cp39-manylinux_2_12_i686.manylinux2010_i686.manylinux_2_24_i686.whl"
            },
            {
              "algorithm": "sha256",
              "hash": "bb3bb49c7a6ad9d981d734ef7c7193bc349ac338776a0360cc671eaee89bcf69",
              "url": "https://files.pythonhosted.org/packages/a2/e5/78402bb7bc3e9b43c7857f9e2c60ab5b5d5d9aa35ae76b4043b12535eb18/lxml-4.9.3-cp39-cp39-musllinux_1_1_aarch64.whl"
            },
            {
              "algorithm": "sha256",
              "hash": "ed667f49b11360951e201453fc3967344d0d0263aa415e1619e85ae7fd17b4e0",
              "url": "https://files.pythonhosted.org/packages/b6/4b/8964ca1238c6952d33afdcd89771a95a7e4ac7949e543c6685a6bd7b47c2/lxml-4.9.3-pp39-pypy39_pp73-macosx_11_0_x86_64.whl"
            },
            {
              "algorithm": "sha256",
              "hash": "5515edd2a6d1a5a70bfcdee23b42ec33425e405c5b351478ab7dc9347228f96e",
              "url": "https://files.pythonhosted.org/packages/c5/a2/7876f76606725340c989b1c73b5501fc41fb21e50a8597c9ecdb63a05b27/lxml-4.9.3-cp39-cp39-manylinux_2_28_x86_64.whl"
            },
            {
              "algorithm": "sha256",
              "hash": "fbf521479bcac1e25a663df882c46a641a9bff6b56dc8b0fafaebd2f66fb231b",
              "url": "https://files.pythonhosted.org/packages/cc/b9/d822b2fc9b9406cff3ec6be03d69adb0e44fcad09608489ea4acaf2443bb/lxml-4.9.3-cp39-cp39-manylinux_2_17_x86_64.manylinux2014_x86_64.manylinux_2_24_x86_64.whl"
            },
            {
              "algorithm": "sha256",
              "hash": "303bf1edce6ced16bf67a18a1cf8339d0db79577eec5d9a6d4a80f0fb10aa2da",
              "url": "https://files.pythonhosted.org/packages/de/07/fcfc5adfb793e6181049a361b2909723c5821b2bc18a21064da4429631a8/lxml-4.9.3-cp39-cp39-manylinux_2_28_aarch64.whl"
            },
            {
              "algorithm": "sha256",
              "hash": "8b77946fd508cbf0fccd8e400a7f71d4ac0e1595812e66025bac475a8e811694",
              "url": "https://files.pythonhosted.org/packages/e4/f0/715c36f1fa3a12c0df47aef20b2ddcb09dbb346c7861628bbccf4a7cb8f4/lxml-4.9.3-pp39-pypy39_pp73-manylinux_2_12_i686.manylinux2010_i686.manylinux_2_24_i686.whl"
            },
            {
              "algorithm": "sha256",
              "hash": "e4da8ca0c0c0aea88fd46be8e44bd49716772358d648cce45fe387f7b92374a7",
              "url": "https://files.pythonhosted.org/packages/e5/47/fab85a1b473be9fc2a3b3329e0970b287123bd02367fe83ae06ca6ef5f58/lxml-4.9.3-pp39-pypy39_pp73-manylinux_2_17_x86_64.manylinux2014_x86_64.manylinux_2_24_x86_64.whl"
            }
          ],
          "project_name": "lxml",
          "requires_dists": [
            "BeautifulSoup4; extra == \"htmlsoup\"",
            "Cython>=0.29.35; extra == \"source\"",
            "cssselect>=0.7; extra == \"cssselect\"",
            "html5lib; extra == \"html5\""
          ],
          "requires_python": "!=3.0.*,!=3.1.*,!=3.2.*,!=3.3.*,!=3.4.*,>=2.7",
          "version": "4.9.3"
        },
        {
          "artifacts": [
            {
              "algorithm": "sha256",
              "hash": "0a4e4a1aff6c7ac4cd55792abf96c915634c2b97e3cc1c7129578aa68ebd754e",
              "url": "https://files.pythonhosted.org/packages/ab/20/f59423543a8422cb8c69a579ebd0ef2c9dafa70cc8142b7372b5b4073caa/MarkupSafe-2.1.3-cp39-cp39-musllinux_1_1_x86_64.whl"
            },
            {
              "algorithm": "sha256",
              "hash": "ab4a0df41e7c16a1392727727e7998a467472d0ad65f3ad5e6e765015df08636",
              "url": "https://files.pythonhosted.org/packages/03/65/3473d2cb84bb2cda08be95b97fc4f53e6bcd701a2d50ba7b7c905e1e9273/MarkupSafe-2.1.3-cp39-cp39-musllinux_1_1_aarch64.whl"
            },
            {
              "algorithm": "sha256",
              "hash": "7ef3cb2ebbf91e330e3bb937efada0edd9003683db6b57bb108c4001f37a02ea",
              "url": "https://files.pythonhosted.org/packages/22/81/b5659e2b6ae1516495a22f87370419c1d79c8d853315e6cbe5172fc01a06/MarkupSafe-2.1.3-cp39-cp39-musllinux_1_1_i686.whl"
            },
            {
              "algorithm": "sha256",
              "hash": "282c2cb35b5b673bbcadb33a585408104df04f14b2d9b01d4c345a3b92861c2c",
              "url": "https://files.pythonhosted.org/packages/43/ad/7246ae594aac948b17408c0ff0f9ff0bc470bdbe9c672a754310db64b237/MarkupSafe-2.1.3-cp39-cp39-manylinux_2_5_i686.manylinux1_i686.manylinux_2_17_i686.manylinux2014_i686.whl"
            },
            {
              "algorithm": "sha256",
              "hash": "6b2b56950d93e41f33b4223ead100ea0fe11f8e6ee5f641eb753ce4b77a7042b",
              "url": "https://files.pythonhosted.org/packages/62/9b/4908a57acf39d8811836bc6776b309c2e07d63791485589acf0b6d7bc0c6/MarkupSafe-2.1.3-cp39-cp39-macosx_10_9_x86_64.whl"
            },
            {
              "algorithm": "sha256",
              "hash": "9dcdfd0eaf283af041973bff14a2e143b8bd64e069f4c383416ecd79a81aab58",
              "url": "https://files.pythonhosted.org/packages/68/8d/c33c43c499c19f4b51181e196c9a497010908fc22c5de33551e298aa6a21/MarkupSafe-2.1.3-cp39-cp39-manylinux_2_17_aarch64.manylinux2014_aarch64.whl"
            },
            {
              "algorithm": "sha256",
              "hash": "8023faf4e01efadfa183e863fefde0046de576c6f14659e8782065bcece22198",
              "url": "https://files.pythonhosted.org/packages/6a/86/654dc431513cd4417dfcead8102f22bece2d6abf2f584f0e1cc1524f7b94/MarkupSafe-2.1.3-cp39-cp39-macosx_10_9_universal2.whl"
            },
            {
              "algorithm": "sha256",
              "hash": "af598ed32d6ae86f1b747b82783958b1a4ab8f617b06fe68795c7f026abbdcad",
              "url": "https://files.pythonhosted.org/packages/6d/7c/59a3248f411813f8ccba92a55feaac4bf360d29e2ff05ee7d8e1ef2d7dbf/MarkupSafe-2.1.3.tar.gz"
            },
            {
              "algorithm": "sha256",
              "hash": "05fb21170423db021895e1ea1e1f3ab3adb85d1c2333cbc2310f2a26bc77272e",
              "url": "https://files.pythonhosted.org/packages/de/63/cb7e71984e9159ec5f45b5e81e896c8bdd0e45fe3fc6ce02ab497f0d790e/MarkupSafe-2.1.3-cp39-cp39-manylinux_2_17_x86_64.manylinux2014_x86_64.whl"
            }
          ],
          "project_name": "markupsafe",
          "requires_dists": [],
          "requires_python": ">=3.7",
          "version": "2.1.3"
        },
        {
          "artifacts": [
            {
              "algorithm": "sha256",
              "hash": "a706e76db9255135c2fb5d1ef54cb4f7b0e4ad9e33cbada7de27626205f2a153",
              "url": "https://files.pythonhosted.org/packages/2e/1a/1393e69df9cf7b04143a51776727dd048586781bca82543594ab439e2eb4/mpi4py-3.1.5.tar.gz"
            }
          ],
          "project_name": "mpi4py",
          "requires_dists": [],
          "requires_python": "!=3.0.*,!=3.1.*,!=3.2.*,!=3.3.*,!=3.4.*,>=2.7",
          "version": "3.1.5"
        },
        {
          "artifacts": [
            {
              "algorithm": "sha256",
              "hash": "a0b2b9fe80bbcd81a6647ff13108738cfb482d481d826cc0e02f5b35e5c88d2c",
              "url": "https://files.pythonhosted.org/packages/43/e3/7d92a15f894aa0c9c4b49b8ee9ac9850d6e63b03c9c32c0367a13ae62209/mpmath-1.3.0-py3-none-any.whl"
            },
            {
              "algorithm": "sha256",
              "hash": "7a28eb2a9774d00c7bc92411c19a89209d5da7c4c9a9e227be8330a23a25b91f",
              "url": "https://files.pythonhosted.org/packages/e0/47/dd32fa426cc72114383ac549964eecb20ecfd886d1e5ccf5340b55b02f57/mpmath-1.3.0.tar.gz"
            }
          ],
          "project_name": "mpmath",
          "requires_dists": [
            "codecov; extra == \"develop\"",
            "gmpy2>=2.1.0a4; platform_python_implementation != \"PyPy\" and extra == \"gmpy\"",
            "pycodestyle; extra == \"develop\"",
            "pytest-cov; extra == \"develop\"",
            "pytest>=4.6; extra == \"develop\"",
            "pytest>=4.6; extra == \"tests\"",
            "sphinx; extra == \"docs\"",
            "wheel; extra == \"develop\""
          ],
          "requires_python": null,
          "version": "1.3.0"
        },
        {
          "artifacts": [
            {
              "algorithm": "sha256",
              "hash": "f18c69adc97877c42332c170849c96cefa91881c99a7cb3e95b7c659ebdc1ec2",
              "url": "https://files.pythonhosted.org/packages/d5/f0/8fbc882ca80cf077f1b246c0e3c3465f7f415439bdea6b899f6b19f61f70/networkx-3.2.1-py3-none-any.whl"
            },
            {
              "algorithm": "sha256",
              "hash": "9f1bb5cf3409bf324e0a722c20bdb4c20ee39bf1c30ce8ae499c8502b0b5e0c6",
              "url": "https://files.pythonhosted.org/packages/c4/80/a84676339aaae2f1cfdf9f418701dd634aef9cc76f708ef55c36ff39c3ca/networkx-3.2.1.tar.gz"
            }
          ],
          "project_name": "networkx",
          "requires_dists": [
            "changelist==0.4; extra == \"developer\"",
            "lxml>=4.6; extra == \"extra\"",
            "matplotlib>=3.5; extra == \"default\"",
            "mypy>=1.1; extra == \"developer\"",
            "nb2plots>=0.7; extra == \"doc\"",
            "nbconvert<7.9; extra == \"doc\"",
            "numpy>=1.22; extra == \"default\"",
            "numpydoc>=1.6; extra == \"doc\"",
            "pandas>=1.4; extra == \"default\"",
            "pillow>=9.4; extra == \"doc\"",
            "pre-commit>=3.2; extra == \"developer\"",
            "pydata-sphinx-theme>=0.14; extra == \"doc\"",
            "pydot>=1.4.2; extra == \"extra\"",
            "pygraphviz>=1.11; extra == \"extra\"",
            "pytest-cov>=4.0; extra == \"test\"",
            "pytest>=7.2; extra == \"test\"",
            "rtoml; extra == \"developer\"",
            "scipy!=1.11.0,!=1.11.1,>=1.9; extra == \"default\"",
            "sphinx-gallery>=0.14; extra == \"doc\"",
            "sphinx>=7; extra == \"doc\"",
            "sympy>=1.10; extra == \"extra\"",
            "texext>=0.6.7; extra == \"doc\""
          ],
          "requires_python": ">=3.9",
          "version": "3.2.1"
        },
        {
          "artifacts": [
            {
              "algorithm": "sha256",
              "hash": "7d484292eaeb3e84a51432a94f53578689ffdea3f90e10c8b203a99be5af57d8",
              "url": "https://files.pythonhosted.org/packages/08/60/24b68df50a8b513e6de12eeed25028060db6c6abc831eb38178b38e67eb2/numpy-1.26.0-pp39-pypy39_pp73-manylinux_2_17_x86_64.manylinux2014_x86_64.whl"
            },
            {
              "algorithm": "sha256",
              "hash": "b44e6a09afc12952a7d2a58ca0a2429ee0d49a4f89d83a0a11052da696440e49",
              "url": "https://files.pythonhosted.org/packages/23/36/35495262d6faf673f2a0948cd2be2bf19f59877c45cba9d4c0b345c5288b/numpy-1.26.0-cp39-cp39-musllinux_1_1_x86_64.whl"
            },
            {
              "algorithm": "sha256",
              "hash": "4a873a8180479bc829313e8d9798d5234dfacfc2e8a7ac188418189bb8eafbd2",
              "url": "https://files.pythonhosted.org/packages/2a/11/c074f7530bac91294b09988c3ff7b024bf13bf6c19f751551fa1e700c27d/numpy-1.26.0-cp39-cp39-macosx_10_9_x86_64.whl"
            },
            {
              "algorithm": "sha256",
              "hash": "c78a22e95182fb2e7874712433eaa610478a3caf86f28c621708d35fa4fd6e7f",
              "url": "https://files.pythonhosted.org/packages/41/95/1145b9072e39ef4c40d62f76d0d80be65a7c383ba3ef9ccd2d9a97974752/numpy-1.26.0-cp39-cp39-manylinux_2_17_aarch64.manylinux2014_aarch64.whl"
            },
            {
              "algorithm": "sha256",
              "hash": "f93fc78fe8bf15afe2b8d6b6499f1c73953169fad1e9a8dd086cdff3190e7fdf",
              "url": "https://files.pythonhosted.org/packages/55/b3/b13bce39ba82b7398c06d10446f5ffd5c07db39b09bd37370dc720c7951c/numpy-1.26.0.tar.gz"
            },
            {
              "algorithm": "sha256",
              "hash": "86f737708b366c36b76e953c46ba5827d8c27b7a8c9d0f471810728e5a2fe57c",
              "url": "https://files.pythonhosted.org/packages/75/cd/7ae0f2cd3fc68aea6cfb2b7e523842e1fa953adb38efabc110d27ba6e423/numpy-1.26.0-cp39-cp39-manylinux_2_17_x86_64.manylinux2014_x86_64.whl"
            },
            {
              "algorithm": "sha256",
              "hash": "914b28d3215e0c721dc75db3ad6d62f51f630cb0c277e6b3bcb39519bed10bd8",
              "url": "https://files.pythonhosted.org/packages/b4/ca/fc1c4f8a2a4693ff437d039acf2dc93a190b9494569fbed246f535c44fc8/numpy-1.26.0-cp39-cp39-macosx_11_0_arm64.whl"
            },
            {
              "algorithm": "sha256",
              "hash": "0792824ce2f7ea0c82ed2e4fecc29bb86bee0567a080dacaf2e0a01fe7654369",
              "url": "https://files.pythonhosted.org/packages/ef/97/57fa19bd7b7cc5e7344ad912617c7b535d08a0878b31e904e35dcf4f550d/numpy-1.26.0-pp39-pypy39_pp73-macosx_10_9_x86_64.whl"
            }
          ],
          "project_name": "numpy",
          "requires_dists": [],
          "requires_python": "<3.13,>=3.9",
          "version": "1.26.0"
        },
        {
          "artifacts": [
            {
              "algorithm": "sha256",
              "hash": "ee53ccca76a6fc08fb9701aa95b6ceb242cdaab118c3bb152af4e579af792728",
              "url": "https://files.pythonhosted.org/packages/37/6d/121efd7382d5b0284239f4ab1fc1590d86d34ed4a4a2fdb13b30ca8e5740/nvidia_cublas_cu12-12.1.3.1-py3-none-manylinux1_x86_64.whl"
            }
          ],
          "project_name": "nvidia-cublas-cu12",
          "requires_dists": [],
          "requires_python": ">=3",
          "version": "12.1.3.1"
        },
        {
          "artifacts": [
            {
              "algorithm": "sha256",
              "hash": "e54fde3983165c624cb79254ae9818a456eb6e87a7fd4d56a2352c24ee542d7e",
              "url": "https://files.pythonhosted.org/packages/7e/00/6b218edd739ecfc60524e585ba8e6b00554dd908de2c9c66c1af3e44e18d/nvidia_cuda_cupti_cu12-12.1.105-py3-none-manylinux1_x86_64.whl"
            }
          ],
          "project_name": "nvidia-cuda-cupti-cu12",
          "requires_dists": [],
          "requires_python": ">=3",
          "version": "12.1.105"
        },
        {
          "artifacts": [
            {
              "algorithm": "sha256",
              "hash": "339b385f50c309763ca65456ec75e17bbefcbbf2893f462cb8b90584cd27a1c2",
              "url": "https://files.pythonhosted.org/packages/b6/9f/c64c03f49d6fbc56196664d05dba14e3a561038a81a638eeb47f4d4cfd48/nvidia_cuda_nvrtc_cu12-12.1.105-py3-none-manylinux1_x86_64.whl"
            }
          ],
          "project_name": "nvidia-cuda-nvrtc-cu12",
          "requires_dists": [],
          "requires_python": ">=3",
          "version": "12.1.105"
        },
        {
          "artifacts": [
            {
              "algorithm": "sha256",
              "hash": "6e258468ddf5796e25f1dc591a31029fa317d97a0a94ed93468fc86301d61e40",
              "url": "https://files.pythonhosted.org/packages/eb/d5/c68b1d2cdfcc59e72e8a5949a37ddb22ae6cade80cd4a57a84d4c8b55472/nvidia_cuda_runtime_cu12-12.1.105-py3-none-manylinux1_x86_64.whl"
            }
          ],
          "project_name": "nvidia-cuda-runtime-cu12",
          "requires_dists": [],
          "requires_python": ">=3",
          "version": "12.1.105"
        },
        {
          "artifacts": [
            {
              "algorithm": "sha256",
              "hash": "5ccb288774fdfb07a7e7025ffec286971c06d8d7b4fb162525334616d7629ff9",
              "url": "https://files.pythonhosted.org/packages/ff/74/a2e2be7fb83aaedec84f391f082cf765dfb635e7caa9b49065f73e4835d8/nvidia_cudnn_cu12-8.9.2.26-py3-none-manylinux1_x86_64.whl"
            }
          ],
          "project_name": "nvidia-cudnn-cu12",
          "requires_dists": [
            "nvidia-cublas-cu12"
          ],
          "requires_python": ">=3",
          "version": "8.9.2.26"
        },
        {
          "artifacts": [
            {
              "algorithm": "sha256",
              "hash": "794e3948a1aa71fd817c3775866943936774d1c14e7628c74f6f7417224cdf56",
              "url": "https://files.pythonhosted.org/packages/86/94/eb540db023ce1d162e7bea9f8f5aa781d57c65aed513c33ee9a5123ead4d/nvidia_cufft_cu12-11.0.2.54-py3-none-manylinux1_x86_64.whl"
            }
          ],
          "project_name": "nvidia-cufft-cu12",
          "requires_dists": [],
          "requires_python": ">=3",
          "version": "11.0.2.54"
        },
        {
          "artifacts": [
            {
              "algorithm": "sha256",
              "hash": "9d264c5036dde4e64f1de8c50ae753237c12e0b1348738169cd0f8a536c0e1e0",
              "url": "https://files.pythonhosted.org/packages/44/31/4890b1c9abc496303412947fc7dcea3d14861720642b49e8ceed89636705/nvidia_curand_cu12-10.3.2.106-py3-none-manylinux1_x86_64.whl"
            }
          ],
          "project_name": "nvidia-curand-cu12",
          "requires_dists": [],
          "requires_python": ">=3",
          "version": "10.3.2.106"
        },
        {
          "artifacts": [
            {
              "algorithm": "sha256",
              "hash": "8a7ec542f0412294b15072fa7dab71d31334014a69f953004ea7a118206fe0dd",
              "url": "https://files.pythonhosted.org/packages/bc/1d/8de1e5c67099015c834315e333911273a8c6aaba78923dd1d1e25fc5f217/nvidia_cusolver_cu12-11.4.5.107-py3-none-manylinux1_x86_64.whl"
            }
          ],
          "project_name": "nvidia-cusolver-cu12",
          "requires_dists": [
            "nvidia-cublas-cu12",
            "nvidia-cusparse-cu12",
            "nvidia-nvjitlink-cu12"
          ],
          "requires_python": ">=3",
          "version": "11.4.5.107"
        },
        {
          "artifacts": [
            {
              "algorithm": "sha256",
              "hash": "f3b50f42cf363f86ab21f720998517a659a48131e8d538dc02f8768237bd884c",
              "url": "https://files.pythonhosted.org/packages/65/5b/cfaeebf25cd9fdec14338ccb16f6b2c4c7fa9163aefcf057d86b9cc248bb/nvidia_cusparse_cu12-12.1.0.106-py3-none-manylinux1_x86_64.whl"
            }
          ],
          "project_name": "nvidia-cusparse-cu12",
          "requires_dists": [
            "nvidia-nvjitlink-cu12"
          ],
          "requires_python": ">=3",
          "version": "12.1.0.106"
        },
        {
          "artifacts": [
            {
              "algorithm": "sha256",
              "hash": "1a6c4acefcbebfa6de320f412bf7866de856e786e0462326ba1bac40de0b5e71",
              "url": "https://files.pythonhosted.org/packages/a4/05/23f8f38eec3d28e4915725b233c24d8f1a33cb6540a882f7b54be1befa02/nvidia_nccl_cu12-2.18.1-py3-none-manylinux1_x86_64.whl"
            }
          ],
          "project_name": "nvidia-nccl-cu12",
          "requires_dists": [],
          "requires_python": ">=3",
          "version": "2.18.1"
        },
        {
          "artifacts": [
            {
              "algorithm": "sha256",
              "hash": "93db4dba8cb66fe2a351791e557208345bb9d0ace1bfb9dd05a4812f9a3ac74e",
              "url": "https://files.pythonhosted.org/packages/45/de/885b6d3e1fa07bf19124076b348d3cf30f68051f813cba99e103f53d2f75/nvidia_nvjitlink_cu12-12.3.52-py3-none-manylinux1_x86_64.whl"
            }
          ],
          "project_name": "nvidia-nvjitlink-cu12",
          "requires_dists": [],
          "requires_python": ">=3",
          "version": "12.3.52"
        },
        {
          "artifacts": [
            {
              "algorithm": "sha256",
              "hash": "dc21cf308ca5691e7c04d962e213f8a4aa9bbfa23d95412f452254c2caeb09e5",
              "url": "https://files.pythonhosted.org/packages/da/d3/8057f0587683ed2fcd4dbfbdfdfa807b9160b809976099d36b8f60d08f03/nvidia_nvtx_cu12-12.1.105-py3-none-manylinux1_x86_64.whl"
            }
          ],
          "project_name": "nvidia-nvtx-cu12",
          "requires_dists": [],
          "requires_python": ">=3",
          "version": "12.1.105"
        },
        {
          "artifacts": [
            {
              "algorithm": "sha256",
              "hash": "9aaa107275d8527e9d6e7670b64aabaaa36e5b6bd71a1015ddd21da0d4e06448",
              "url": "https://files.pythonhosted.org/packages/ac/0b/cb7ecd88cea2422818057db720966bbb56bbcec3b359f4a5cafdf737d9e5/Pillow-9.3.0-cp39-cp39-musllinux_1_1_x86_64.whl"
            },
            {
              "algorithm": "sha256",
              "hash": "c935a22a557a560108d780f9a0fc426dd7459940dc54faa49d83249c8d3e760f",
              "url": "https://files.pythonhosted.org/packages/16/11/da8d395299ca166aa56d9436e26fe8440e5443471de16ccd9a1d06f5993a/Pillow-9.3.0.tar.gz"
            },
            {
              "algorithm": "sha256",
              "hash": "af0372acb5d3598f36ec0914deed2a63f6bcdb7b606da04dc19a88d31bf0c05b",
              "url": "https://files.pythonhosted.org/packages/2f/73/ec6b3e3f6b311cf1468eafc92a890f690a2cacac0cfd0f1bcc2b891d1334/Pillow-9.3.0-cp39-cp39-manylinux_2_17_x86_64.manylinux2014_x86_64.whl"
            },
            {
              "algorithm": "sha256",
              "hash": "b0915e734b33a474d76c28e07292f196cdf2a590a0d25bcc06e64e545f2d146c",
              "url": "https://files.pythonhosted.org/packages/5f/1e/8a26e1ff2064b665f3923a727cb9240919cdcdce303e4800729635aefc40/Pillow-9.3.0-cp39-cp39-manylinux_2_17_i686.manylinux2014_i686.whl"
            },
            {
              "algorithm": "sha256",
              "hash": "2e0918e03aa0c72ea56edbb00d4d664294815aa11291a11504a377ea018330d3",
              "url": "https://files.pythonhosted.org/packages/af/7f/c5f7a35fd7053a4aee79c41fc4b125281745577c6ce3445e57ed8b4eff56/Pillow-9.3.0-cp39-cp39-manylinux_2_17_aarch64.manylinux2014_aarch64.whl"
            },
            {
              "algorithm": "sha256",
              "hash": "1c7c8ae3864846fc95f4611c78129301e203aaa2af813b703c55d10cc1628535",
              "url": "https://files.pythonhosted.org/packages/b9/b8/3e2c23766019a9a03ee26ac6b7af9392aba8574806ce10e5074733987240/Pillow-9.3.0-cp39-cp39-macosx_11_0_arm64.whl"
            },
            {
              "algorithm": "sha256",
              "hash": "73bd195e43f3fadecfc50c682f5055ec32ee2c933243cafbfdec69ab1aa87cad",
              "url": "https://files.pythonhosted.org/packages/ca/97/9677bf1d97c408779e5940b89675e38a8ebe8bcc9dbae8adfc9e7080a314/Pillow-9.3.0-cp39-cp39-macosx_10_10_x86_64.whl"
            },
            {
              "algorithm": "sha256",
              "hash": "97aabc5c50312afa5e0a2b07c17d4ac5e865b250986f8afe2b02d772567a380c",
              "url": "https://files.pythonhosted.org/packages/db/b0/6438c96e80d4cad5b6381ba774018de9d8eae591d65bdfd80e3ad630928a/Pillow-9.3.0-cp39-cp39-manylinux_2_28_x86_64.whl"
            },
            {
              "algorithm": "sha256",
              "hash": "ad58d27a5b0262c0c19b47d54c5802db9b34d38bbf886665b626aff83c74bacd",
              "url": "https://files.pythonhosted.org/packages/f7/11/763c3992c3e6d00e9f6de81b0d721306757bb7201155d135a16032460943/Pillow-9.3.0-cp39-cp39-manylinux_2_28_aarch64.whl"
            }
          ],
          "project_name": "pillow",
          "requires_dists": [
            "check-manifest; extra == \"tests\"",
            "coverage; extra == \"tests\"",
            "defusedxml; extra == \"tests\"",
            "furo; extra == \"docs\"",
            "markdown2; extra == \"tests\"",
            "olefile; extra == \"docs\"",
            "olefile; extra == \"tests\"",
            "packaging; extra == \"tests\"",
            "pyroma; extra == \"tests\"",
            "pytest-cov; extra == \"tests\"",
            "pytest-timeout; extra == \"tests\"",
            "pytest; extra == \"tests\"",
            "sphinx-copybutton; extra == \"docs\"",
            "sphinx-issues>=3.0.1; extra == \"docs\"",
            "sphinx-removed-in; extra == \"docs\"",
            "sphinx>=2.4; extra == \"docs\"",
            "sphinxext-opengraph; extra == \"docs\""
          ],
          "requires_python": ">=3.7",
          "version": "9.3.0"
        },
        {
          "artifacts": [
            {
              "algorithm": "sha256",
              "hash": "b801216c48c0886742abf286a9a6b117e248ca144d8ceec1f931ce2dd0c9cb40",
              "url": "https://files.pythonhosted.org/packages/d4/b6/5379469a19200da191b32298de57bb04f205ef184003cd315d0ef3dbe911/pycryptodomex-3.19.0-pp39-pypy39_pp73-manylinux_2_5_i686.manylinux1_i686.manylinux_2_17_i686.manylinux2014_i686.whl"
            },
            {
              "algorithm": "sha256",
              "hash": "c01678aee8ac0c1a461cbc38ad496f953f9efcb1fa19f5637cbeba7544792a53",
              "url": "https://files.pythonhosted.org/packages/0b/70/585974fa8239a94089f4e7be1243324c7cff6f6cc932fa1b05ede04941c4/pycryptodomex-3.19.0-pp39-pypy39_pp73-macosx_10_9_x86_64.whl"
            },
            {
              "algorithm": "sha256",
              "hash": "af83a554b3f077564229865c45af0791be008ac6469ef0098152139e6bd4b5b6",
              "url": "https://files.pythonhosted.org/packages/14/c9/09d5df04c9f29ae1b49d0e34c9934646b53bb2131a55e8ed2a0d447c7c53/pycryptodomex-3.19.0.tar.gz"
            },
            {
              "algorithm": "sha256",
              "hash": "c74eb1f73f788facece7979ce91594dc177e1a9b5d5e3e64697dd58299e5cb4d",
              "url": "https://files.pythonhosted.org/packages/23/23/3f3d042c96ff7bece5b126365593b1f9c8e3ae62ce80d44e9da39c5e8a73/pycryptodomex-3.19.0-cp35-abi3-manylinux_2_17_x86_64.manylinux2014_x86_64.whl"
            },
            {
              "algorithm": "sha256",
              "hash": "5b883e1439ab63af976656446fb4839d566bb096f15fc3c06b5a99cde4927188",
              "url": "https://files.pythonhosted.org/packages/2c/bb/c2bccab4181008f72a972e330f544149ed96e249a74c7c699ef52b2704bc/pycryptodomex-3.19.0-cp35-abi3-macosx_10_9_x86_64.whl"
            },
            {
              "algorithm": "sha256",
              "hash": "a3866d68e2fc345162b1b9b83ef80686acfe5cec0d134337f3b03950a0a8bf56",
              "url": "https://files.pythonhosted.org/packages/4a/59/d3dbc2d464e2d9ee1a4d19df887269320b2a92ca7c1800495d6a9c95d9fe/pycryptodomex-3.19.0-cp35-abi3-manylinux_2_17_aarch64.manylinux2014_aarch64.whl"
            },
            {
              "algorithm": "sha256",
              "hash": "d4dd3b381ff5a5907a3eb98f5f6d32c64d319a840278ceea1dcfcc65063856f3",
              "url": "https://files.pythonhosted.org/packages/85/75/3d457b031d06872cee68b650b0e6f47da142128dbecf95212b1f6090b735/pycryptodomex-3.19.0-cp35-abi3-musllinux_1_1_i686.whl"
            },
            {
              "algorithm": "sha256",
              "hash": "a77b79852175064c822b047fee7cf5a1f434f06ad075cc9986aa1c19a0c53eb0",
              "url": "https://files.pythonhosted.org/packages/b7/1a/546118e6b2084d68290d2f9c0c168aa26e981a35f3d119b2856fbed7c060/pycryptodomex-3.19.0-cp35-abi3-macosx_10_9_universal2.whl"
            },
            {
              "algorithm": "sha256",
              "hash": "a588a1cb7781da9d5e1c84affd98c32aff9c89771eac8eaa659d2760666f7139",
              "url": "https://files.pythonhosted.org/packages/ca/82/95ffed2ace8c9b2f9d8c53e219b5a057155ce36045e489d9760dc75e2360/pycryptodomex-3.19.0-cp35-abi3-musllinux_1_1_aarch64.whl"
            },
            {
              "algorithm": "sha256",
              "hash": "7cb51096a6a8d400724104db8a7e4f2206041a1f23e58924aa3d8d96bcb48338",
              "url": "https://files.pythonhosted.org/packages/de/a3/26877199466b5522e58a08d68be9c611a0298a46717a475e9f4aaa2cce91/pycryptodomex-3.19.0-cp35-abi3-manylinux_2_5_i686.manylinux1_i686.manylinux_2_17_i686.manylinux2014_i686.whl"
            },
            {
              "algorithm": "sha256",
              "hash": "2126bc54beccbede6eade00e647106b4f4c21e5201d2b0a73e9e816a01c50905",
              "url": "https://files.pythonhosted.org/packages/e1/9c/aa497ab45356607d8bc48404f8db769db217b7f0cabf63825cfc9bbf2217/pycryptodomex-3.19.0-pp39-pypy39_pp73-manylinux_2_17_x86_64.manylinux2014_x86_64.whl"
            },
            {
              "algorithm": "sha256",
              "hash": "263de9a96d2fcbc9f5bd3a279f14ea0d5f072adb68ebd324987576ec25da084d",
              "url": "https://files.pythonhosted.org/packages/eb/ed/68f442b682c71413f44761b578e807a1eb6b3d8ce8bedeff0874c36ec1c5/pycryptodomex-3.19.0-cp35-abi3-musllinux_1_1_x86_64.whl"
            }
          ],
          "project_name": "pycryptodomex",
          "requires_dists": [],
          "requires_python": "!=3.0.*,!=3.1.*,!=3.2.*,!=3.3.*,!=3.4.*,>=2.7",
          "version": "3.19.0"
        },
        {
          "artifacts": [
            {
              "algorithm": "sha256",
              "hash": "b454a35605876da60632df1a60f736524eb73cc47bbc9f3f1ef1b644de74fd2a",
              "url": "https://files.pythonhosted.org/packages/bb/26/7945080113158354380a12ce26873dd6c1ebd88d47f5bc24e2c5bb38c16a/setuptools-68.2.2-py3-none-any.whl"
            },
            {
              "algorithm": "sha256",
              "hash": "4ac1475276d2f1c48684874089fefcd83bd7162ddaafb81fac866ba0db282a87",
              "url": "https://files.pythonhosted.org/packages/ef/cc/93f7213b2ab5ed383f98ce8020e632ef256b406b8569606c3f160ed8e1c9/setuptools-68.2.2.tar.gz"
            }
          ],
          "project_name": "setuptools",
          "requires_dists": [
            "build[virtualenv]; extra == \"testing\"",
            "build[virtualenv]>=1.0.3; extra == \"testing-integration\"",
            "filelock>=3.4.0; extra == \"testing\"",
            "filelock>=3.4.0; extra == \"testing-integration\"",
            "flake8-2020; extra == \"testing\"",
            "furo; extra == \"docs\"",
            "ini2toml[lite]>=0.9; extra == \"testing\"",
            "jaraco.develop>=7.21; (python_version >= \"3.9\" and sys_platform != \"cygwin\") and extra == \"testing\"",
            "jaraco.envs>=2.2; extra == \"testing\"",
            "jaraco.envs>=2.2; extra == \"testing-integration\"",
            "jaraco.packaging>=9.3; extra == \"docs\"",
            "jaraco.path>=3.2.0; extra == \"testing\"",
            "jaraco.path>=3.2.0; extra == \"testing-integration\"",
            "jaraco.tidelift>=1.4; extra == \"docs\"",
            "packaging>=23.1; extra == \"testing-integration\"",
            "pip>=19.1; extra == \"testing\"",
            "pygments-github-lexers==0.0.5; extra == \"docs\"",
            "pytest-black>=0.3.7; platform_python_implementation != \"PyPy\" and extra == \"testing\"",
            "pytest-checkdocs>=2.4; extra == \"testing\"",
            "pytest-cov; platform_python_implementation != \"PyPy\" and extra == \"testing\"",
            "pytest-enabler; extra == \"testing-integration\"",
            "pytest-enabler>=2.2; extra == \"testing\"",
            "pytest-mypy>=0.9.1; platform_python_implementation != \"PyPy\" and extra == \"testing\"",
            "pytest-perf; sys_platform != \"cygwin\" and extra == \"testing\"",
            "pytest-ruff; sys_platform != \"cygwin\" and extra == \"testing\"",
            "pytest-timeout; extra == \"testing\"",
            "pytest-xdist; extra == \"testing\"",
            "pytest-xdist; extra == \"testing-integration\"",
            "pytest; extra == \"testing-integration\"",
            "pytest>=6; extra == \"testing\"",
            "rst.linker>=1.9; extra == \"docs\"",
            "sphinx-favicon; extra == \"docs\"",
            "sphinx-hoverxref<2; extra == \"docs\"",
            "sphinx-inline-tabs; extra == \"docs\"",
            "sphinx-lint; extra == \"docs\"",
            "sphinx-notfound-page<2,>=1; extra == \"docs\"",
            "sphinx-reredirects; extra == \"docs\"",
            "sphinx>=3.5; extra == \"docs\"",
            "sphinxcontrib-towncrier; extra == \"docs\"",
            "tomli-w>=1.0.0; extra == \"testing\"",
            "tomli; extra == \"testing-integration\"",
            "virtualenv>=13.0.0; extra == \"testing\"",
            "virtualenv>=13.0.0; extra == \"testing-integration\"",
            "wheel; extra == \"testing\"",
            "wheel; extra == \"testing-integration\""
          ],
          "requires_python": ">=3.8",
          "version": "68.2.2"
        },
        {
          "artifacts": [
            {
              "algorithm": "sha256",
              "hash": "c3588cd4295d0c0f603d0f2ae780587e64e2efeedb3521e46b9bb1d08d184fa5",
              "url": "https://files.pythonhosted.org/packages/d2/05/e6600db80270777c4a64238a98d442f0fd07cc8915be2a1c16da7f2b9e74/sympy-1.12-py3-none-any.whl"
            },
            {
              "algorithm": "sha256",
              "hash": "ebf595c8dac3e0fdc4152c51878b498396ec7f30e7a914d6071e674d49420fb8",
              "url": "https://files.pythonhosted.org/packages/e5/57/3485a1a3dff51bfd691962768b14310dae452431754bfc091250be50dd29/sympy-1.12.tar.gz"
            }
          ],
          "project_name": "sympy",
          "requires_dists": [
            "mpmath>=0.19"
          ],
          "requires_python": ">=3.8",
          "version": "1.12"
        },
        {
          "artifacts": [
            {
              "algorithm": "sha256",
              "hash": "421739685eba5e0beba42cb649740b15d44b0d565c04e6ed667b41148734a75b",
              "url": "https://files.pythonhosted.org/packages/4c/53/f1e58e147df8601c963df4b15045631f7e3d3caa5973bdf4e54a5cf6834e/torch-2.1.0-cp39-none-macosx_11_0_arm64.whl"
            },
            {
              "algorithm": "sha256",
              "hash": "de7d63c6ecece118684415a3dbd4805af4a4c1ee1490cccf7405d8c240a481b4",
              "url": "https://files.pythonhosted.org/packages/49/d0/1822159274d4fa60d25e7f6cb5eaf996a68cb5b6d1c5c53e8a900fdf756e/torch-2.1.0-cp39-cp39-manylinux2014_aarch64.whl"
            },
            {
              "algorithm": "sha256",
              "hash": "6ad491e70dbe4288d17fdbfc7fbfa766d66cbe219bc4871c7a8096f4a37c98df",
              "url": "https://files.pythonhosted.org/packages/9c/1e/0da488a46027e2fb671feeed4944b9783905d6fd705069e4c69f03e6ab48/torch-2.1.0-cp39-none-macosx_10_9_x86_64.whl"
            },
            {
              "algorithm": "sha256",
              "hash": "556d8dd3e0c290ed9d4d7de598a213fb9f7c59135b4fee144364a8a887016a55",
              "url": "https://files.pythonhosted.org/packages/d3/fa/93f3ef65dee8947d8f54eb876ab57a8b019845a45dc07546e2ac214da97b/torch-2.1.0-cp39-cp39-manylinux1_x86_64.whl"
            }
          ],
          "project_name": "torch",
          "requires_dists": [
            "filelock",
            "fsspec",
            "jinja2",
            "networkx",
            "opt-einsum>=3.3; extra == \"opt-einsum\"",
            "sympy",
            "typing-extensions"
          ],
          "requires_python": ">=3.8.0",
          "version": "2.1.0"
        },
        {
          "artifacts": [
            {
              "algorithm": "sha256",
              "hash": "81a96d110a738ff63339fc892ded095b31bd0d205e3aace262af8400d40b6fa8",
              "url": "https://files.pythonhosted.org/packages/03/47/55c4168f8333a852f9284a8446d15cb37b69903d47896e4aebfe9f21969d/triton-2.1.0-0-pp39-pypy39_pp73-manylinux2014_x86_64.manylinux_2_17_x86_64.whl"
            },
            {
              "algorithm": "sha256",
              "hash": "21544e522c02005a626c8ad63d39bdff2f31d41069592919ef281e964ed26446",
              "url": "https://files.pythonhosted.org/packages/d1/5a/e5811fcc8fc6703be39eb157af6224eaa3b628a42008df93b87e23eb9731/triton-2.1.0-0-cp39-cp39-manylinux2014_x86_64.manylinux_2_17_x86_64.whl"
            }
          ],
          "project_name": "triton",
          "requires_dists": [
            "autopep8; extra == \"tests\"",
            "cmake>=3.18; extra == \"build\"",
            "filelock",
            "flake8; extra == \"tests\"",
            "isort; extra == \"tests\"",
            "lit; extra == \"build\"",
            "matplotlib; extra == \"tutorials\"",
            "numpy; extra == \"tests\"",
            "pandas; extra == \"tutorials\"",
            "pytest; extra == \"tests\"",
            "scipy>=1.7.1; extra == \"tests\"",
            "tabulate; extra == \"tutorials\""
          ],
          "requires_python": null,
          "version": "2.1.0"
        },
        {
          "artifacts": [
            {
              "algorithm": "sha256",
              "hash": "8f92fc8806f9a6b641eaa5318da32b44d401efaac0f6678c9bc448ba3605faa0",
              "url": "https://files.pythonhosted.org/packages/24/21/7d397a4b7934ff4028987914ac1044d3b7d52712f30e2ac7a2ae5bc86dd0/typing_extensions-4.8.0-py3-none-any.whl"
            },
            {
              "algorithm": "sha256",
              "hash": "df8e4339e9cb77357558cbdbceca33c303714cf861d1eef15e1070055ae8b7ef",
              "url": "https://files.pythonhosted.org/packages/1f/7a/8b94bb016069caa12fc9f587b28080ac33b4fbb8ca369b98bc0a4828543e/typing_extensions-4.8.0.tar.gz"
            }
          ],
          "project_name": "typing-extensions",
          "requires_dists": [],
          "requires_python": ">=3.8",
          "version": "4.8.0"
        },
        {
          "artifacts": [
            {
              "algorithm": "sha256",
              "hash": "fdb6d215c776278489906c2f8916e6e7d4f5a9b602ccbcfdf7f016fc8da0596e",
              "url": "https://files.pythonhosted.org/packages/d2/b2/b157855192a68541a91ba7b2bbcb91f1b4faa51f8bae38d8005c034be524/urllib3-2.0.7-py3-none-any.whl"
            },
            {
              "algorithm": "sha256",
              "hash": "c97dfde1f7bd43a71c8d2a58e369e9b2bf692d1334ea9f9cae55add7d0dd0f84",
              "url": "https://files.pythonhosted.org/packages/af/47/b215df9f71b4fdba1025fc05a77db2ad243fa0926755a52c5e71659f4e3c/urllib3-2.0.7.tar.gz"
            }
          ],
          "project_name": "urllib3",
          "requires_dists": [
            "brotli>=1.0.9; platform_python_implementation == \"CPython\" and extra == \"brotli\"",
            "brotlicffi>=0.8.0; platform_python_implementation != \"CPython\" and extra == \"brotli\"",
            "certifi; extra == \"secure\"",
            "cryptography>=1.9; extra == \"secure\"",
            "idna>=2.0.0; extra == \"secure\"",
            "pyopenssl>=17.1.0; extra == \"secure\"",
            "pysocks!=1.5.7,<2.0,>=1.5.6; extra == \"socks\"",
            "urllib3-secure-extra; extra == \"secure\"",
            "zstandard>=0.18.0; extra == \"zstd\""
          ],
          "requires_python": ">=3.7",
          "version": "2.0.7"
        }
      ],
      "platform_tag": null
    }
  ],
  "path_mappings": {},
  "pex_version": "2.1.137",
  "pip_version": "20.3.4-patched",
  "prefer_older_binary": false,
  "requirements": [
    "blobfile>=1.0.5",
    "mpi4py==3.1.5",
    "numpy==1.26.0",
    "nvidia-cublas-cu12==12.1.3.1",
    "nvidia-cuda-cupti-cu12==12.1.105",
    "nvidia-cuda-nvrtc-cu12==12.1.105",
    "nvidia-cuda-runtime-cu12==12.1.105",
    "nvidia-cudnn-cu12==8.9.2.26",
    "nvidia-cufft-cu12==11.0.2.54",
    "nvidia-curand-cu12==10.3.2.106",
    "nvidia-cusolver-cu12==11.4.5.107",
    "nvidia-cusparse-cu12==12.1.0.106",
    "nvidia-nccl-cu12==2.18.1",
    "nvidia-nvjitlink-cu12==12.3.52",
    "nvidia-nvtx-cu12==12.1.105",
    "pillow==9.3.0",
    "setuptools==68.2.2",
    "torch==2.1.0",
    "triton==2.1.0"
  ],
  "requires_python": [
    "==3.9.18"
  ],
  "resolver_version": "pip-2020-resolver",
  "style": "universal",
  "target_systems": [
    "linux",
    "mac"
  ],
  "transitive": true,
  "use_pep517": null
}
