// This lockfile was autogenerated by Pants. To regenerate, run:
//
//    pants generate-lockfiles --resolve=mypy
//
// --- BEGIN PANTS LOCKFILE METADATA: DO NOT EDIT OR REMOVE ---
// {
//   "version": 3,
//   "valid_for_interpreter_constraints": [
//     "CPython==3.9.18"
//   ],
//   "generated_with_requirements": [
//     "mypy==0.931"
//   ],
//   "manylinux": "manylinux2014",
//   "requirement_constraints": [],
//   "only_binary": [],
//   "no_binary": []
// }
// --- END PANTS LOCKFILE METADATA ---

{
  "allow_builds": true,
  "allow_prereleases": false,
  "allow_wheels": true,
  "build_isolation": true,
  "constraints": [],
  "locked_resolves": [
    {
      "locked_requirements": [
        {
          "artifacts": [
            {
              "algorithm": "sha256",
              "hash": "1171f2e0859cfff2d366da2c7092b06130f232c636a3f7301e3feb8b41f6377d",
              "url": "https://files.pythonhosted.org/packages/a2/ef/0f26513203a3970386833be42be104ff0c8b3b3ea39e3f3b4fe30f9e2adc/mypy-0.931-py3-none-any.whl"
            },
            {
              "algorithm": "sha256",
              "hash": "ff3bf387c14c805ab1388185dd22d6b210824e164d4bb324b195ff34e322d166",
              "url": "https://files.pythonhosted.org/packages/01/c3/847f9d5be8ca9c5786a48eff7149f178f112e4b0be00f81ccba6d3f73ef4/mypy-0.931-cp39-cp39-macosx_10_9_x86_64.whl"
            },
            {
              "algorithm": "sha256",
              "hash": "0038b21890867793581e4cb0d810829f5fd4441aa75796b53033af3aa30430ce",
              "url": "https://files.pythonhosted.org/packages/4b/b2/9c71fd84086e96518b1d7a940788d704d3a67aead3e3a7ff9bf8e9b5746d/mypy-0.931.tar.gz"
            },
            {
              "algorithm": "sha256",
              "hash": "8ca7f8c4b1584d63c9a0f827c37ba7a47226c19a23a753d52e5b5eddb201afcd",
              "url": "https://files.pythonhosted.org/packages/4c/75/50fd935cd99449dbf819b6416cda4bb101b756c70d1a44271501d1101bdd/mypy-0.931-cp39-cp39-manylinux_2_5_x86_64.manylinux1_x86_64.manylinux_2_12_x86_64.manylinux2010_x86_64.whl"
            },
            {
              "algorithm": "sha256",
              "hash": "5b56154f8c09427bae082b32275a21f500b24d93c88d69a5e82f3978018a0266",
              "url": "https://files.pythonhosted.org/packages/9f/52/5f3669e388c04729c91abd615422d2731e3c318a12a776e5c70823133cbe/mypy-0.931-cp39-cp39-macosx_11_0_arm64.whl"
            }
          ],
          "project_name": "mypy",
          "requires_dists": [
            "mypy-extensions>=0.4.3",
            "psutil>=4.0; extra == \"dmypy\"",
            "tomli>=1.1.0",
            "typed-ast<2,>=1.4.0; extra == \"python2\"",
            "typed-ast<2,>=1.4.0; python_version < \"3.8\"",
            "typing-extensions>=3.10"
          ],
          "requires_python": ">=3.6",
          "version": "0.931"
        },
        {
          "artifacts": [
            {
              "algorithm": "sha256",
              "hash": "4392f6c0eb8a5668a69e23d168ffa70f0be9ccfd32b5cc2d26a34ae5b844552d",
              "url": "https://files.pythonhosted.org/packages/2a/e2/5d3f6ada4297caebe1a2add3b126fe800c96f56dbe5d1988a2cbe0b267aa/mypy_extensions-1.0.0-py3-none-any.whl"
            },
            {
              "algorithm": "sha256",
              "hash": "75dbf8955dc00442a438fc4d0666508a9a97b6bd41aa2f0ffe9d2f2725af0782",
              "url": "https://files.pythonhosted.org/packages/98/a4/1ab47638b92648243faf97a5aeb6ea83059cc3624972ab6b8d2316078d3f/mypy_extensions-1.0.0.tar.gz"
            }
          ],
          "project_name": "mypy-extensions",
          "requires_dists": [],
          "requires_python": ">=3.5",
          "version": "1.0.0"
        },
        {
          "artifacts": [
            {
              "algorithm": "sha256",
              "hash": "939de3e7a6161af0c887ef91b7d41a53e7c5a1ca976325f429cb46ea9bc30ecc",
              "url": "https://files.pythonhosted.org/packages/97/75/10a9ebee3fd790d20926a90a2547f0bf78f371b2f13aa822c759680ca7b9/tomli-2.0.1-py3-none-any.whl"
            },
            {
              "algorithm": "sha256",
              "hash": "de526c12914f0c550d15924c62d72abc48d6fe7364aa87328337a31007fe8a4f",
              "url": "https://files.pythonhosted.org/packages/c0/3f/d7af728f075fb08564c5949a9c95e44352e23dee646869fa104a3b2060a3/tomli-2.0.1.tar.gz"
            }
          ],
          "project_name": "tomli",
          "requires_dists": [],
          "requires_python": ">=3.7",
          "version": "2.0.1"
        },
        {
          "artifacts": [
            {
              "algorithm": "sha256",
              "hash": "8f92fc8806f9a6b641eaa5318da32b44d401efaac0f6678c9bc448ba3605faa0",
              "url": "https://files.pythonhosted.org/packages/24/21/7d397a4b7934ff4028987914ac1044d3b7d52712f30e2ac7a2ae5bc86dd0/typing_extensions-4.8.0-py3-none-any.whl"
            },
            {
              "algorithm": "sha256",
              "hash": "df8e4339e9cb77357558cbdbceca33c303714cf861d1eef15e1070055ae8b7ef",
              "url": "https://files.pythonhosted.org/packages/1f/7a/8b94bb016069caa12fc9f587b28080ac33b4fbb8ca369b98bc0a4828543e/typing_extensions-4.8.0.tar.gz"
            }
          ],
          "project_name": "typing-extensions",
          "requires_dists": [],
          "requires_python": ">=3.8",
          "version": "4.8.0"
        }
      ],
      "platform_tag": null
    }
  ],
  "path_mappings": {},
  "pex_version": "2.1.137",
  "pip_version": "20.3.4-patched",
  "prefer_older_binary": false,
  "requirements": [
    "mypy==0.931"
  ],
  "requires_python": [
    "==3.9.18"
  ],
  "resolver_version": "pip-2020-resolver",
  "style": "universal",
  "target_systems": [
    "linux",
    "mac"
  ],
  "transitive": true,
  "use_pep517": null
}
